github.com/thatisuday/clapper v1.0.4 h1:lBdnQSDyq+1Wx+L86g3dFqCm4447G20kU7N/A8FMFnc=
github.com/thatisuday/clapper v1.0.4/go.mod h1:FQGIg8q2uzeI+3SUS82YKF4E3KexkHStbiK4qTfDknM=
github.com/thatisuday/clapper v1.0.5 h1:xS8JC3sp/GpUixhKUgWIUiAz1BYjUVGv1y3deSu9Y+g=
github.com/thatisuday/clapper v1.0.5/go.mod h1:FQGIg8q2uzeI+3SUS82YKF4E3KexkHStbiK4qTfDknM=
