github.com/thatisuday/clapper v1.0.6 h1:AOODMApZ23tV9xu7zss7gDW688Kap4/+55BFYL+3a+4=
github.com/thatisuday/clapper v1.0.6/go.mod h1:FQGIg8q2uzeI+3SUS82YKF4E3KexkHStbiK4qTfDknM=
github.com/thatisuday/clapper v1.0.8 h1:9cSiKZRGtA+jZFb82QVRel0taNrSEef90VLhibSPhFI=
github.com/thatisuday/clapper v1.0.8/go.mod h1:FQGIg8q2uzeI+3SUS82YKF4E3KexkHStbiK4qTfDknM=
github.com/thatisuday/clapper v1.0.10 h1:1EkqE/nb4npp8DuTKnpvVzO/Mcac9lOPND34uUKF+bU=
github.com/thatisuday/clapper v1.0.10/go.mod h1:FQGIg8q2uzeI+3SUS82YKF4E3KexkHStbiK4qTfDknM=
